{
  "version": 4,
  "terraform_version": "0.14.11",
  "serial": 13,
  "lineage": "b12e7e23-cc4f-2f5b-eb29-4d20bc923c8a",
  "outputs": {},
  "resources": [
    {
      "mode": "managed",
      "type": "hashicups_admin",
      "name": "test",
      "provider": "provider[\"hashicorp.com/edu/hashicups\"]",
      "instances": [
        {
          "schema_version": 0,
          "attributes": {
            "additional_info": "BOM DIAAAAAAAAAAAAAA",
            "description": "",
            "email": "aaa10@example.pt",
            "filters": [
              {
                "allow_list": [
                  "10.0.0.0/0"
                ]
              }
            ],
            "id": "terraform13",
            "password": "b8e3bc65c7438ad83af40847a23a087e935cb0a19f090ad0fc79bab93ea06a1b",
            "permissions": [
              "download",
              "list"
            ],
            "status": 1,
            "username": "terraform13"
          },
          "sensitive_attributes": [],
          "private": "bnVsbA=="
        }
      ]
    }
  ]
}
