{
  "version": 4,
  "terraform_version": "0.14.11",
  "serial": 48,
  "lineage": "eabd4246-8605-5aac-d6c6-557bf75ee6bf",
  "outputs": {},
  "resources": [
    {
      "mode": "managed",
      "type": "hashicups_user",
      "name": "test",
      "provider": "provider[\"hashicorp.com/edu/hashicups\"]",
      "instances": [
        {
          "schema_version": 0,
          "attributes": {
            "additional_info": "",
            "download_bandwidth": 0,
            "expiration_date": 0,
            "filesystem": [
              {
                "gcsconfig": [
                  {
                    "automatic_credentials": 1,
                    "bucket": "sword-sftp-test",
                    "credentials": [],
                    "key_prefix": "",
                    "storage_class": ""
                  }
                ],
                "provider": 2,
                "s3config": []
              }
            ],
            "filters": [
              {
                "allowed_ip": [
                  "0.0.0.0/0"
                ],
                "denied_ip": [],
                "denied_login_methods": [
                  "0.0.0.0/0"
                ],
                "file_extensions": []
              }
            ],
            "gid": 0,
            "home_dir": "/mp",
            "id": "terraform19",
            "last_login": 0,
            "last_quota_update": 0,
            "max_sessions": 0,
            "password": "1dd4984b0d118569da8620fe67e7fd4bd2889bb316d5ee40ba914eb65f19107d",
            "permissions": [
              {
                "global": [
                  "*"
                ],
                "sub_dirs": [
                  [
                    {
                      "folder": "/test",
                      "permission": [
                        "*"
                      ]
                    },
                    {
                      "folder": "/test2",
                      "permission": [
                        "*"
                      ]
                    }
                  ]
                ]
              }
            ],
            "public_keys": [],
            "quota_files": 0,
            "quota_size": 0,
            "status": 1,
            "uid": 0,
            "upload_bandwidth": 0,
            "used_quota_files": 0,
            "used_quota_size": 0,
            "username": "terraform19",
            "virtual_folders": []
          },
          "sensitive_attributes": [],
          "private": "bnVsbA=="
        }
      ]
    }
  ]
}
